// !$*UTF8*$!
{
	archiveVersion = 1;
	classes = {
	};
	objectVersion = 56;
	objects = {

/* Begin PBXBuildFile section */
		BB173A55295F51AD00ACEAB7 /* AppEntry.swift in Sources */ = {isa = PBXBuildFile; fileRef = BB173A54295F51AD00ACEAB7 /* AppEntry.swift */; };
		BB173A57295F51AD00ACEAB7 /* FirstView.swift in Sources */ = {isa = PBXBuildFile; fileRef = BB173A56295F51AD00ACEAB7 /* FirstView.swift */; };
		BB173A59295F51AE00ACEAB7 /* Assets.xcassets in Resources */ = {isa = PBXBuildFile; fileRef = BB173A58295F51AE00ACEAB7 /* Assets.xcassets */; };
		BB173A5C295F51AE00ACEAB7 /* Preview Assets.xcassets in Resources */ = {isa = PBXBuildFile; fileRef = BB173A5B295F51AE00ACEAB7 /* Preview Assets.xcassets */; };
		BB173A63295F531900ACEAB7 /* SecondView.swift in Sources */ = {isa = PBXBuildFile; fileRef = BB173A62295F531900ACEAB7 /* SecondView.swift */; };
		BB173A65295F533A00ACEAB7 /* PurchaseView.swift in Sources */ = {isa = PBXBuildFile; fileRef = BB173A64295F533A00ACEAB7 /* PurchaseView.swift */; };
		BB28B5412964B964000C60E9 /* AppStoreService.swift in Sources */ = {isa = PBXBuildFile; fileRef = BB28B5402964B964000C60E9 /* AppStoreService.swift */; };
		BB28B5432964C620000C60E9 /* BackgroundViewModifier.swift in Sources */ = {isa = PBXBuildFile; fileRef = BB28B5422964C620000C60E9 /* BackgroundViewModifier.swift */; };
		BB94C0EF2964F8D6007F3D6F /* AppColorKey.swift in Sources */ = {isa = PBXBuildFile; fileRef = BB94C0EE2964F8D6007F3D6F /* AppColorKey.swift */; };
		BB94C0F12964FF34007F3D6F /* AppPurchaseTheme.swift in Sources */ = {isa = PBXBuildFile; fileRef = BB94C0F02964FF34007F3D6F /* AppPurchaseTheme.swift */; };
		BB94C0F32964FFCB007F3D6F /* AppThemeKey.swift in Sources */ = {isa = PBXBuildFile; fileRef = BB94C0F22964FFCA007F3D6F /* AppThemeKey.swift */; };
		BBC9B313295F55AC0036C091 /* Launch Screen.storyboard in Resources */ = {isa = PBXBuildFile; fileRef = BBC9B312295F55AC0036C091 /* Launch Screen.storyboard */; };
/* End PBXBuildFile section */

/* Begin PBXFileReference section */
		BB173A51295F51AD00ACEAB7 /* EnvValues.app */ = {isa = PBXFileReference; explicitFileType = wrapper.application; includeInIndex = 0; path = EnvValues.app; sourceTree = BUILT_PRODUCTS_DIR; };
		BB173A54295F51AD00ACEAB7 /* AppEntry.swift */ = {isa = PBXFileReference; lastKnownFileType = sourcecode.swift; path = AppEntry.swift; sourceTree = "<group>"; };
		BB173A56295F51AD00ACEAB7 /* FirstView.swift */ = {isa = PBXFileReference; lastKnownFileType = sourcecode.swift; path = FirstView.swift; sourceTree = "<group>"; };
		BB173A58295F51AE00ACEAB7 /* Assets.xcassets */ = {isa = PBXFileReference; lastKnownFileType = folder.assetcatalog; path = Assets.xcassets; sourceTree = "<group>"; };
		BB173A5B295F51AE00ACEAB7 /* Preview Assets.xcassets */ = {isa = PBXFileReference; lastKnownFileType = folder.assetcatalog; path = "Preview Assets.xcassets"; sourceTree = "<group>"; };
		BB173A62295F531900ACEAB7 /* SecondView.swift */ = {isa = PBXFileReference; lastKnownFileType = sourcecode.swift; path = SecondView.swift; sourceTree = "<group>"; };
		BB173A64295F533A00ACEAB7 /* PurchaseView.swift */ = {isa = PBXFileReference; lastKnownFileType = sourcecode.swift; path = PurchaseView.swift; sourceTree = "<group>"; };
		BB173A66295F54ED00ACEAB7 /* Info.plist */ = {isa = PBXFileReference; lastKnownFileType = text.plist.xml; path = Info.plist; sourceTree = "<group>"; };
		BB28B5402964B964000C60E9 /* AppStoreService.swift */ = {isa = PBXFileReference; fileEncoding = 4; lastKnownFileType = sourcecode.swift; path = AppStoreService.swift; sourceTree = "<group>"; };
		BB28B5422964C620000C60E9 /* BackgroundViewModifier.swift */ = {isa = PBXFileReference; lastKnownFileType = sourcecode.swift; path = BackgroundViewModifier.swift; sourceTree = "<group>"; };
		BB94C0EE2964F8D6007F3D6F /* AppColorKey.swift */ = {isa = PBXFileReference; lastKnownFileType = sourcecode.swift; path = AppColorKey.swift; sourceTree = "<group>"; };
		BB94C0F02964FF34007F3D6F /* AppPurchaseTheme.swift */ = {isa = PBXFileReference; lastKnownFileType = sourcecode.swift; path = AppPurchaseTheme.swift; sourceTree = "<group>"; };
		BB94C0F22964FFCA007F3D6F /* AppThemeKey.swift */ = {isa = PBXFileReference; lastKnownFileType = sourcecode.swift; path = AppThemeKey.swift; sourceTree = "<group>"; };
		BBC9B312295F55AC0036C091 /* Launch Screen.storyboard */ = {isa = PBXFileReference; fileEncoding = 4; lastKnownFileType = file.storyboard; path = "Launch Screen.storyboard"; sourceTree = "<group>"; };
/* End PBXFileReference section */

/* Begin PBXFrameworksBuildPhase section */
		BB173A4E295F51AD00ACEAB7 /* Frameworks */ = {
			isa = PBXFrameworksBuildPhase;
			buildActionMask = 2147483647;
			files = (
			);
			runOnlyForDeploymentPostprocessing = 0;
		};
/* End PBXFrameworksBuildPhase section */

/* Begin PBXGroup section */
		BB138B9A2964F6340093BE5A /* Views */ = {
			isa = PBXGroup;
			children = (
				BB173A56295F51AD00ACEAB7 /* FirstView.swift */,
				BB173A62295F531900ACEAB7 /* SecondView.swift */,
				BB173A64295F533A00ACEAB7 /* PurchaseView.swift */,
			);
			path = Views;
			sourceTree = "<group>";
		};
		BB173A48295F51AD00ACEAB7 = {
			isa = PBXGroup;
			children = (
				BB173A53295F51AD00ACEAB7 /* EnvValues */,
				BB173A52295F51AD00ACEAB7 /* Products */,
			);
			sourceTree = "<group>";
		};
		BB173A52295F51AD00ACEAB7 /* Products */ = {
			isa = PBXGroup;
			children = (
				BB173A51295F51AD00ACEAB7 /* EnvValues.app */,
			);
			name = Products;
			sourceTree = "<group>";
		};
		BB173A53295F51AD00ACEAB7 /* EnvValues */ = {
			isa = PBXGroup;
			children = (
				BB173A54295F51AD00ACEAB7 /* AppEntry.swift */,
				BB94C0F02964FF34007F3D6F /* AppPurchaseTheme.swift */,
				BB94C0ED2964F8BE007F3D6F /* Environment Keys */,
				BB138B9A2964F6340093BE5A /* Views */,
				BB28B5402964B964000C60E9 /* AppStoreService.swift */,
				BB28B5422964C620000C60E9 /* BackgroundViewModifier.swift */,
				BB173A69295F555800ACEAB7 /* Supporting Files */,
				BB173A58295F51AE00ACEAB7 /* Assets.xcassets */,
				BB173A5A295F51AE00ACEAB7 /* Preview Content */,
			);
			path = EnvValues;
			sourceTree = "<group>";
		};
		BB173A5A295F51AE00ACEAB7 /* Preview Content */ = {
			isa = PBXGroup;
			children = (
				BB173A5B295F51AE00ACEAB7 /* Preview Assets.xcassets */,
			);
			path = "Preview Content";
			sourceTree = "<group>";
		};
		BB173A69295F555800ACEAB7 /* Supporting Files */ = {
			isa = PBXGroup;
			children = (
				BBC9B312295F55AC0036C091 /* Launch Screen.storyboard */,
				BB173A66295F54ED00ACEAB7 /* Info.plist */,
			);
			path = "Supporting Files";
			sourceTree = "<group>";
		};
		BB94C0ED2964F8BE007F3D6F /* Environment Keys */ = {
			isa = PBXGroup;
			children = (
				BB94C0EE2964F8D6007F3D6F /* AppColorKey.swift */,
				BB94C0F22964FFCA007F3D6F /* AppThemeKey.swift */,
			);
			path = "Environment Keys";
			sourceTree = "<group>";
		};
/* End PBXGroup section */

/* Begin PBXNativeTarget section */
		BB173A50295F51AD00ACEAB7 /* EnvValues */ = {
			isa = PBXNativeTarget;
			buildConfigurationList = BB173A5F295F51AE00ACEAB7 /* Build configuration list for PBXNativeTarget "EnvValues" */;
			buildPhases = (
				BB173A4D295F51AD00ACEAB7 /* Sources */,
				BB173A4E295F51AD00ACEAB7 /* Frameworks */,
				BB173A4F295F51AD00ACEAB7 /* Resources */,
			);
			buildRules = (
			);
			dependencies = (
			);
			name = EnvValues;
			productName = EnvValues;
			productReference = BB173A51295F51AD00ACEAB7 /* EnvValues.app */;
			productType = "com.apple.product-type.application";
		};
/* End PBXNativeTarget section */

/* Begin PBXProject section */
		BB173A49295F51AD00ACEAB7 /* Project object */ = {
			isa = PBXProject;
			attributes = {
				BuildIndependentTargetsInParallel = 1;
				LastSwiftUpdateCheck = 1420;
				LastUpgradeCheck = 1420;
				TargetAttributes = {
					BB173A50295F51AD00ACEAB7 = {
						CreatedOnToolsVersion = 14.2;
					};
				};
			};
			buildConfigurationList = BB173A4C295F51AD00ACEAB7 /* Build configuration list for PBXProject "EnvValues" */;
			compatibilityVersion = "Xcode 14.0";
			developmentRegion = en;
			hasScannedForEncodings = 0;
			knownRegions = (
				en,
				Base,
			);
			mainGroup = BB173A48295F51AD00ACEAB7;
			productRefGroup = BB173A52295F51AD00ACEAB7 /* Products */;
			projectDirPath = "";
			projectRoot = "";
			targets = (
				BB173A50295F51AD00ACEAB7 /* EnvValues */,
			);
		};
/* End PBXProject section */

/* Begin PBXResourcesBuildPhase section */
		BB173A4F295F51AD00ACEAB7 /* Resources */ = {
			isa = PBXResourcesBuildPhase;
			buildActionMask = 2147483647;
			files = (
				BBC9B313295F55AC0036C091 /* Launch Screen.storyboard in Resources */,
				BB173A5C295F51AE00ACEAB7 /* Preview Assets.xcassets in Resources */,
				BB173A59295F51AE00ACEAB7 /* Assets.xcassets in Resources */,
			);
			runOnlyForDeploymentPostprocessing = 0;
		};
/* End PBXResourcesBuildPhase section */

/* Begin PBXSourcesBuildPhase section */
		BB173A4D295F51AD00ACEAB7 /* Sources */ = {
			isa = PBXSourcesBuildPhase;
			buildActionMask = 2147483647;
			files = (
				BB94C0F12964FF34007F3D6F /* AppPurchaseTheme.swift in Sources */,
				BB173A63295F531900ACEAB7 /* SecondView.swift in Sources */,
				BB173A57295F51AD00ACEAB7 /* FirstView.swift in Sources */,
				BB94C0EF2964F8D6007F3D6F /* AppColorKey.swift in Sources */,
				BB173A55295F51AD00ACEAB7 /* AppEntry.swift in Sources */,
				BB94C0F32964FFCB007F3D6F /* AppThemeKey.swift in Sources */,
				BB173A65295F533A00ACEAB7 /* PurchaseView.swift in Sources */,
				BB28B5412964B964000C60E9 /* AppStoreService.swift in Sources */,
				BB28B5432964C620000C60E9 /* BackgroundViewModifier.swift in Sources */,
			);
			runOnlyForDeploymentPostprocessing = 0;
		};
/* End PBXSourcesBuildPhase section */

/* Begin XCBuildConfiguration section */
		BB173A5D295F51AE00ACEAB7 /* Debug */ = {
			isa = XCBuildConfiguration;
			buildSettings = {
				ALWAYS_SEARCH_USER_PATHS = NO;
				CLANG_ANALYZER_NONNULL = YES;
				CLANG_ANALYZER_NUMBER_OBJECT_CONVERSION = YES_AGGRESSIVE;
				CLANG_CXX_LANGUAGE_STANDARD = "gnu++20";
				CLANG_ENABLE_MODULES = YES;
				CLANG_ENABLE_OBJC_ARC = YES;
				CLANG_ENABLE_OBJC_WEAK = YES;
				CLANG_WARN_BLOCK_CAPTURE_AUTORELEASING = YES;
				CLANG_WARN_BOOL_CONVERSION = YES;
				CLANG_WARN_COMMA = YES;
				CLANG_WARN_CONSTANT_CONVERSION = YES;
				CLANG_WARN_DEPRECATED_OBJC_IMPLEMENTATIONS = YES;
				CLANG_WARN_DIRECT_OBJC_ISA_USAGE = YES_ERROR;
				CLANG_WARN_DOCUMENTATION_COMMENTS = YES;
				CLANG_WARN_EMPTY_BODY = YES;
				CLANG_WARN_ENUM_CONVERSION = YES;
				CLANG_WARN_INFINITE_RECURSION = YES;
				CLANG_WARN_INT_CONVERSION = YES;
				CLANG_WARN_NON_LITERAL_NULL_CONVERSION = YES;
				CLANG_WARN_OBJC_IMPLICIT_RETAIN_SELF = YES;
				CLANG_WARN_OBJC_LITERAL_CONVERSION = YES;
				CLANG_WARN_OBJC_ROOT_CLASS = YES_ERROR;
				CLANG_WARN_QUOTED_INCLUDE_IN_FRAMEWORK_HEADER = YES;
				CLANG_WARN_RANGE_LOOP_ANALYSIS = YES;
				CLANG_WARN_STRICT_PROTOTYPES = YES;
				CLANG_WARN_SUSPICIOUS_MOVE = YES;
				CLANG_WARN_UNGUARDED_AVAILABILITY = YES_AGGRESSIVE;
				CLANG_WARN_UNREACHABLE_CODE = YES;
				CLANG_WARN__DUPLICATE_METHOD_MATCH = YES;
				COPY_PHASE_STRIP = NO;
				DEBUG_INFORMATION_FORMAT = dwarf;
				ENABLE_STRICT_OBJC_MSGSEND = YES;
				ENABLE_TESTABILITY = YES;
				GCC_C_LANGUAGE_STANDARD = gnu11;
				GCC_DYNAMIC_NO_PIC = NO;
				GCC_NO_COMMON_BLOCKS = YES;
				GCC_OPTIMIZATION_LEVEL = 0;
				GCC_PREPROCESSOR_DEFINITIONS = (
					"DEBUG=1",
					"$(inherited)",
				);
				GCC_WARN_64_TO_32_BIT_CONVERSION = YES;
				GCC_WARN_ABOUT_RETURN_TYPE = YES_ERROR;
				GCC_WARN_UNDECLARED_SELECTOR = YES;
				GCC_WARN_UNINITIALIZED_AUTOS = YES_AGGRESSIVE;
				GCC_WARN_UNUSED_FUNCTION = YES;
				GCC_WARN_UNUSED_VARIABLE = YES;
				IPHONEOS_DEPLOYMENT_TARGET = 16.2;
				MTL_ENABLE_DEBUG_INFO = INCLUDE_SOURCE;
				MTL_FAST_MATH = YES;
				ONLY_ACTIVE_ARCH = YES;
				SDKROOT = iphoneos;
				SWIFT_ACTIVE_COMPILATION_CONDITIONS = DEBUG;
				SWIFT_OPTIMIZATION_LEVEL = "-Onone";
			};
			name = Debug;
		};
		BB173A5E295F51AE00ACEAB7 /* Release */ = {
			isa = XCBuildConfiguration;
			buildSettings = {
				ALWAYS_SEARCH_USER_PATHS = NO;
				CLANG_ANALYZER_NONNULL = YES;
				CLANG_ANALYZER_NUMBER_OBJECT_CONVERSION = YES_AGGRESSIVE;
				CLANG_CXX_LANGUAGE_STANDARD = "gnu++20";
				CLANG_ENABLE_MODULES = YES;
				CLANG_ENABLE_OBJC_ARC = YES;
				CLANG_ENABLE_OBJC_WEAK = YES;
				CLANG_WARN_BLOCK_CAPTURE_AUTORELEASING = YES;
				CLANG_WARN_BOOL_CONVERSION = YES;
				CLANG_WARN_COMMA = YES;
				CLANG_WARN_CONSTANT_CONVERSION = YES;
				CLANG_WARN_DEPRECATED_OBJC_IMPLEMENTATIONS = YES;
				CLANG_WARN_DIRECT_OBJC_ISA_USAGE = YES_ERROR;
				CLANG_WARN_DOCUMENTATION_COMMENTS = YES;
				CLANG_WARN_EMPTY_BODY = YES;
				CLANG_WARN_ENUM_CONVERSION = YES;
				CLANG_WARN_INFINITE_RECURSION = YES;
				CLANG_WARN_INT_CONVERSION = YES;
				CLANG_WARN_NON_LITERAL_NULL_CONVERSION = YES;
				CLANG_WARN_OBJC_IMPLICIT_RETAIN_SELF = YES;
				CLANG_WARN_OBJC_LITERAL_CONVERSION = YES;
				CLANG_WARN_OBJC_ROOT_CLASS = YES_ERROR;
				CLANG_WARN_QUOTED_INCLUDE_IN_FRAMEWORK_HEADER = YES;
				CLANG_WARN_RANGE_LOOP_ANALYSIS = YES;
				CLANG_WARN_STRICT_PROTOTYPES = YES;
				CLANG_WARN_SUSPICIOUS_MOVE = YES;
				CLANG_WARN_UNGUARDED_AVAILABILITY = YES_AGGRESSIVE;
				CLANG_WARN_UNREACHABLE_CODE = YES;
				CLANG_WARN__DUPLICATE_METHOD_MATCH = YES;
				COPY_PHASE_STRIP = NO;
				DEBUG_INFORMATION_FORMAT = "dwarf-with-dsym";
				ENABLE_NS_ASSERTIONS = NO;
				ENABLE_STRICT_OBJC_MSGSEND = YES;
				GCC_C_LANGUAGE_STANDARD = gnu11;
				GCC_NO_COMMON_BLOCKS = YES;
				GCC_WARN_64_TO_32_BIT_CONVERSION = YES;
				GCC_WARN_ABOUT_RETURN_TYPE = YES_ERROR;
				GCC_WARN_UNDECLARED_SELECTOR = YES;
				GCC_WARN_UNINITIALIZED_AUTOS = YES_AGGRESSIVE;
				GCC_WARN_UNUSED_FUNCTION = YES;
				GCC_WARN_UNUSED_VARIABLE = YES;
				IPHONEOS_DEPLOYMENT_TARGET = 16.2;
				MTL_ENABLE_DEBUG_INFO = NO;
				MTL_FAST_MATH = YES;
				SDKROOT = iphoneos;
				SWIFT_COMPILATION_MODE = wholemodule;
				SWIFT_OPTIMIZATION_LEVEL = "-O";
				VALIDATE_PRODUCT = YES;
			};
			name = Release;
		};
		BB173A60295F51AE00ACEAB7 /* Debug */ = {
			isa = XCBuildConfiguration;
			buildSettings = {
				ASSETCATALOG_COMPILER_APPICON_NAME = AppIcon;
				ASSETCATALOG_COMPILER_GLOBAL_ACCENT_COLOR_NAME = AccentColor;
				CODE_SIGN_STYLE = Automatic;
				CURRENT_PROJECT_VERSION = 1;
				DEVELOPMENT_ASSET_PATHS = "\"EnvValues/Preview Content\"";
				DEVELOPMENT_TEAM = RKV4UP49S6;
				ENABLE_PREVIEWS = YES;
				GENERATE_INFOPLIST_FILE = YES;
				INFOPLIST_FILE = "EnvValues/Supporting Files/Info.plist";
				INFOPLIST_KEY_UIApplicationSupportsIndirectInputEvents = YES;
				INFOPLIST_KEY_UILaunchScreen_Generation = YES;
				INFOPLIST_KEY_UILaunchStoryboardName = "Launch Screen.storyboard";
				INFOPLIST_KEY_UISupportedInterfaceOrientations_iPad = "UIInterfaceOrientationPortrait UIInterfaceOrientationPortraitUpsideDown UIInterfaceOrientationLandscapeLeft UIInterfaceOrientationLandscapeRight";
				INFOPLIST_KEY_UISupportedInterfaceOrientations_iPhone = "UIInterfaceOrientationPortrait UIInterfaceOrientationLandscapeLeft UIInterfaceOrientationLandscapeRight";
				LD_RUNPATH_SEARCH_PATHS = (
					"$(inherited)",
					"@executable_path/Frameworks",
				);
				MARKETING_VERSION = 1.0;
				PRODUCT_BUNDLE_IDENTIFIER = com.createchsol.EnvValues;
				PRODUCT_NAME = "$(TARGET_NAME)";
				SWIFT_EMIT_LOC_STRINGS = YES;
				SWIFT_VERSION = 5.0;
				TARGETED_DEVICE_FAMILY = "1,2";
			};
			name = Debug;
		};
		BB173A61295F51AE00ACEAB7 /* Release */ = {
			isa = XCBuildConfiguration;
			buildSettings = {
				ASSETCATALOG_COMPILER_APPICON_NAME = AppIcon;
				ASSETCATALOG_COMPILER_GLOBAL_ACCENT_COLOR_NAME = AccentColor;
				CODE_SIGN_STYLE = Automatic;
				CURRENT_PROJECT_VERSION = 1;
				DEVELOPMENT_ASSET_PATHS = "\"EnvValues/Preview Content\"";
				DEVELOPMENT_TEAM = RKV4UP49S6;
				ENABLE_PREVIEWS = YES;
				GENERATE_INFOPLIST_FILE = YES;
				INFOPLIST_FILE = "EnvValues/Supporting Files/Info.plist";
				INFOPLIST_KEY_UIApplicationSupportsIndirectInputEvents = YES;
				INFOPLIST_KEY_UILaunchScreen_Generation = YES;
				INFOPLIST_KEY_UILaunchStoryboardName = "Launch Screen.storyboard";
				INFOPLIST_KEY_UISupportedInterfaceOrientations_iPad = "UIInterfaceOrientationPortrait UIInterfaceOrientationPortraitUpsideDown UIInterfaceOrientationLandscapeLeft UIInterfaceOrientationLandscapeRight";
				INFOPLIST_KEY_UISupportedInterfaceOrientations_iPhone = "UIInterfaceOrientationPortrait UIInterfaceOrientationLandscapeLeft UIInterfaceOrientationLandscapeRight";
				LD_RUNPATH_SEARCH_PATHS = (
					"$(inherited)",
					"@executable_path/Frameworks",
				);
				MARKETING_VERSION = 1.0;
				PRODUCT_BUNDLE_IDENTIFIER = com.createchsol.EnvValues;
				PRODUCT_NAME = "$(TARGET_NAME)";
				SWIFT_EMIT_LOC_STRINGS = YES;
				SWIFT_VERSION = 5.0;
				TARGETED_DEVICE_FAMILY = "1,2";
			};
			name = Release;
		};
/* End XCBuildConfiguration section */

/* Begin XCConfigurationList section */
		BB173A4C295F51AD00ACEAB7 /* Build configuration list for PBXProject "EnvValues" */ = {
			isa = XCConfigurationList;
			buildConfigurations = (
				BB173A5D295F51AE00ACEAB7 /* Debug */,
				BB173A5E295F51AE00ACEAB7 /* Release */,
			);
			defaultConfigurationIsVisible = 0;
			defaultConfigurationName = Release;
		};
		BB173A5F295F51AE00ACEAB7 /* Build configuration list for PBXNativeTarget "EnvValues" */ = {
			isa = XCConfigurationList;
			buildConfigurations = (
				BB173A60295F51AE00ACEAB7 /* Debug */,
				BB173A61295F51AE00ACEAB7 /* Release */,
			);
			defaultConfigurationIsVisible = 0;
			defaultConfigurationName = Release;
		};
/* End XCConfigurationList section */
	};
	rootObject = BB173A49295F51AD00ACEAB7 /* Project object */;
}
